[[source]]
url = "https://pypi.org/simple"
verify_ssl = true
name = "pypi"

[packages]

[dev-packages]

[requires]
python_version = "3.11"
root@2b9b2711c6bc:/# cat Pipfile.lock 
{
    "_meta": {
        "hash": {
            "sha256": "ed6d5d614626ae28e274e453164affb26694755170ccab3aa5866f093d51d3e4"
        },
        "pipfile-spec": 6,
        "requires": {
            "python_version": "3.11"
        },
        "sources": [
            {
                "name": "pypi",
                "url": "https://pypi.org/simple",
                "verify_ssl": true
            }
        ]
    },
    "default": {},
    "develop": {}
}